
Microsoft Visual Studio Solution File, Format Version 12.00
# Visual Studio Version 17
VisualStudioVersion = 17.8.34330.188
MinimumVisualStudioVersion = 10.0.40219.1
Project("{FAE04EC0-301F-11D3-BF4B-00C04F79EFBC}") = "Dic", "Dic.csproj", "{D2A172CC-8B9D-4BA2-90BC-005EDA93F262}"
EndProject
Global
	GlobalSection(SolutionConfigurationPlatforms) = preSolution
		Debug|Any CPU = Debug|Any CPU
		Release|Any CPU = Release|Any CPU
	EndGlobalSection
	GlobalSection(ProjectConfigurationPlatforms) = postSolution
		{D2A172CC-8B9D-4BA2-90BC-005EDA93F262}.Debug|Any CPU.ActiveCfg = Debug|Any CPU
		{D2A172CC-8B9D-4BA2-90BC-005EDA93F262}.Debug|Any CPU.Build.0 = Debug|Any CPU
		{D2A172CC-8B9D-4BA2-90BC-005EDA93F262}.Release|Any CPU.ActiveCfg = Release|Any CPU
		{D2A172CC-8B9D-4BA2-90BC-005EDA93F262}.Release|Any CPU.Build.0 = Release|Any CPU
	EndGlobalSection
	GlobalSection(SolutionProperties) = preSolution
		HideSolutionNode = FALSE
	EndGlobalSection
	GlobalSection(ExtensibilityGlobals) = postSolution
		SolutionGuid = {2544640A-2E01-4B92-AD64-10E17F6B5713}
	EndGlobalSection
EndGlobal
